// !$*UTF8*$!
{
	archiveVersion = 1;
	classes = {
	};
	objectVersion = 50;
	objects = {

/* Begin PBXBuildFile section */
		619872B125010BF20003DFAF /* AppDelegate.swift in Sources */ = {isa = PBXBuildFile; fileRef = 619872B025010BF20003DFAF /* AppDelegate.swift */; };
		619872B325010BF20003DFAF /* SceneDelegate.swift in Sources */ = {isa = PBXBuildFile; fileRef = 619872B225010BF20003DFAF /* SceneDelegate.swift */; };
		619872B525010BF20003DFAF /* WeatherSearchViewController.swift in Sources */ = {isa = PBXBuildFile; fileRef = 619872B425010BF20003DFAF /* WeatherSearchViewController.swift */; };
		619872BA25010BF60003DFAF /* Assets.xcassets in Resources */ = {isa = PBXBuildFile; fileRef = 619872B925010BF60003DFAF /* Assets.xcassets */; };
		619872BD25010BF60003DFAF /* LaunchScreen.storyboard in Resources */ = {isa = PBXBuildFile; fileRef = 619872BB25010BF60003DFAF /* LaunchScreen.storyboard */; };
		619872C825010BF60003DFAF /* WeatherSearchTestCase.swift in Sources */ = {isa = PBXBuildFile; fileRef = 619872C725010BF60003DFAF /* WeatherSearchTestCase.swift */; };
		619872D325010BF60003DFAF /* WeatherSearchUITestCase.swift in Sources */ = {isa = PBXBuildFile; fileRef = 619872D225010BF60003DFAF /* WeatherSearchUITestCase.swift */; };
		619872E225012AD60003DFAF /* WeatherSearchViewModel.swift in Sources */ = {isa = PBXBuildFile; fileRef = 619872E125012AD60003DFAF /* WeatherSearchViewModel.swift */; };
		619872E625012C280003DFAF /* WeatherSearch.swift in Sources */ = {isa = PBXBuildFile; fileRef = 619872E525012C280003DFAF /* WeatherSearch.swift */; };
		619872E92501495E0003DFAF /* WeatherService.swift in Sources */ = {isa = PBXBuildFile; fileRef = 619872E82501495E0003DFAF /* WeatherService.swift */; };
		619872ED250178990003DFAF /* WeatherData.swift in Sources */ = {isa = PBXBuildFile; fileRef = 619872EC250178990003DFAF /* WeatherData.swift */; };
		619872EF25019B610003DFAF /* Network.swift in Sources */ = {isa = PBXBuildFile; fileRef = 619872EE25019B610003DFAF /* Network.swift */; };
		619872F12501AF3B0003DFAF /* WeatherSearchModelTestCase.swift in Sources */ = {isa = PBXBuildFile; fileRef = 619872F02501AF3B0003DFAF /* WeatherSearchModelTestCase.swift */; };
		619872F32501B85E0003DFAF /* data.json in Resources */ = {isa = PBXBuildFile; fileRef = 619872F22501B85E0003DFAF /* data.json */; };
		619872F52501B87E0003DFAF /* WeatherDataTestCase.swift in Sources */ = {isa = PBXBuildFile; fileRef = 619872F42501B87E0003DFAF /* WeatherDataTestCase.swift */; };
		619872F72501BB620003DFAF /* NetworkTestCase.swift in Sources */ = {isa = PBXBuildFile; fileRef = 619872F62501BB620003DFAF /* NetworkTestCase.swift */; };
		619872FA25024D660003DFAF /* SpinnerViewController.swift in Sources */ = {isa = PBXBuildFile; fileRef = 619872F925024D660003DFAF /* SpinnerViewController.swift */; };
		619872FC250255C50003DFAF /* UIViewController+AddViewController.swift in Sources */ = {isa = PBXBuildFile; fileRef = 619872FB250255C50003DFAF /* UIViewController+AddViewController.swift */; };
		619872FF250259AB0003DFAF /* WeatherDetailsViewController.swift in Sources */ = {isa = PBXBuildFile; fileRef = 619872FE250259AB0003DFAF /* WeatherDetailsViewController.swift */; };
		61987301250259E00003DFAF /* WeatherDetailsHeaderView.swift in Sources */ = {isa = PBXBuildFile; fileRef = 61987300250259E00003DFAF /* WeatherDetailsHeaderView.swift */; };
		6198730325025B920003DFAF /* AppCoordinator.swift in Sources */ = {isa = PBXBuildFile; fileRef = 6198730225025B920003DFAF /* AppCoordinator.swift */; };
/* End PBXBuildFile section */

/* Begin PBXContainerItemProxy section */
		619872C425010BF60003DFAF /* PBXContainerItemProxy */ = {
			isa = PBXContainerItemProxy;
			containerPortal = 619872A525010BF20003DFAF /* Project object */;
			proxyType = 1;
			remoteGlobalIDString = 619872AC25010BF20003DFAF;
			remoteInfo = WeatherApp;
		};
		619872CF25010BF60003DFAF /* PBXContainerItemProxy */ = {
			isa = PBXContainerItemProxy;
			containerPortal = 619872A525010BF20003DFAF /* Project object */;
			proxyType = 1;
			remoteGlobalIDString = 619872AC25010BF20003DFAF;
			remoteInfo = WeatherApp;
		};
/* End PBXContainerItemProxy section */

/* Begin PBXFileReference section */
		619872AD25010BF20003DFAF /* WeatherApp.app */ = {isa = PBXFileReference; explicitFileType = wrapper.application; includeInIndex = 0; path = WeatherApp.app; sourceTree = BUILT_PRODUCTS_DIR; };
		619872B025010BF20003DFAF /* AppDelegate.swift */ = {isa = PBXFileReference; lastKnownFileType = sourcecode.swift; path = AppDelegate.swift; sourceTree = "<group>"; };
		619872B225010BF20003DFAF /* SceneDelegate.swift */ = {isa = PBXFileReference; lastKnownFileType = sourcecode.swift; path = SceneDelegate.swift; sourceTree = "<group>"; };
		619872B425010BF20003DFAF /* WeatherSearchViewController.swift */ = {isa = PBXFileReference; lastKnownFileType = sourcecode.swift; path = WeatherSearchViewController.swift; sourceTree = "<group>"; };
		619872B925010BF60003DFAF /* Assets.xcassets */ = {isa = PBXFileReference; lastKnownFileType = folder.assetcatalog; path = Assets.xcassets; sourceTree = "<group>"; };
		619872BC25010BF60003DFAF /* Base */ = {isa = PBXFileReference; lastKnownFileType = file.storyboard; name = Base; path = Base.lproj/LaunchScreen.storyboard; sourceTree = "<group>"; };
		619872BE25010BF60003DFAF /* Info.plist */ = {isa = PBXFileReference; lastKnownFileType = text.plist.xml; path = Info.plist; sourceTree = "<group>"; };
		619872C325010BF60003DFAF /* WeatherAppTests.xctest */ = {isa = PBXFileReference; explicitFileType = wrapper.cfbundle; includeInIndex = 0; path = WeatherAppTests.xctest; sourceTree = BUILT_PRODUCTS_DIR; };
		619872C725010BF60003DFAF /* WeatherSearchTestCase.swift */ = {isa = PBXFileReference; lastKnownFileType = sourcecode.swift; path = WeatherSearchTestCase.swift; sourceTree = "<group>"; };
		619872C925010BF60003DFAF /* Info.plist */ = {isa = PBXFileReference; lastKnownFileType = text.plist.xml; path = Info.plist; sourceTree = "<group>"; };
		619872CE25010BF60003DFAF /* WeatherAppUITests.xctest */ = {isa = PBXFileReference; explicitFileType = wrapper.cfbundle; includeInIndex = 0; path = WeatherAppUITests.xctest; sourceTree = BUILT_PRODUCTS_DIR; };
		619872D225010BF60003DFAF /* WeatherSearchUITestCase.swift */ = {isa = PBXFileReference; lastKnownFileType = sourcecode.swift; path = WeatherSearchUITestCase.swift; sourceTree = "<group>"; };
		619872D425010BF60003DFAF /* Info.plist */ = {isa = PBXFileReference; lastKnownFileType = text.plist.xml; path = Info.plist; sourceTree = "<group>"; };
		619872E125012AD60003DFAF /* WeatherSearchViewModel.swift */ = {isa = PBXFileReference; lastKnownFileType = sourcecode.swift; path = WeatherSearchViewModel.swift; sourceTree = "<group>"; };
		619872E525012C280003DFAF /* WeatherSearch.swift */ = {isa = PBXFileReference; lastKnownFileType = sourcecode.swift; path = WeatherSearch.swift; sourceTree = "<group>"; };
		619872E82501495E0003DFAF /* WeatherService.swift */ = {isa = PBXFileReference; lastKnownFileType = sourcecode.swift; path = WeatherService.swift; sourceTree = "<group>"; };
		619872EC250178990003DFAF /* WeatherData.swift */ = {isa = PBXFileReference; lastKnownFileType = sourcecode.swift; path = WeatherData.swift; sourceTree = "<group>"; };
		619872EE25019B610003DFAF /* Network.swift */ = {isa = PBXFileReference; lastKnownFileType = sourcecode.swift; path = Network.swift; sourceTree = "<group>"; };
		619872F02501AF3B0003DFAF /* WeatherSearchModelTestCase.swift */ = {isa = PBXFileReference; lastKnownFileType = sourcecode.swift; path = WeatherSearchModelTestCase.swift; sourceTree = "<group>"; };
		619872F22501B85E0003DFAF /* data.json */ = {isa = PBXFileReference; lastKnownFileType = text.json; path = data.json; sourceTree = "<group>"; };
		619872F42501B87E0003DFAF /* WeatherDataTestCase.swift */ = {isa = PBXFileReference; lastKnownFileType = sourcecode.swift; path = WeatherDataTestCase.swift; sourceTree = "<group>"; };
		619872F62501BB620003DFAF /* NetworkTestCase.swift */ = {isa = PBXFileReference; lastKnownFileType = sourcecode.swift; path = NetworkTestCase.swift; sourceTree = "<group>"; };
		619872F925024D660003DFAF /* SpinnerViewController.swift */ = {isa = PBXFileReference; lastKnownFileType = sourcecode.swift; path = SpinnerViewController.swift; sourceTree = "<group>"; };
		619872FB250255C50003DFAF /* UIViewController+AddViewController.swift */ = {isa = PBXFileReference; lastKnownFileType = sourcecode.swift; path = "UIViewController+AddViewController.swift"; sourceTree = "<group>"; };
		619872FE250259AB0003DFAF /* WeatherDetailsViewController.swift */ = {isa = PBXFileReference; lastKnownFileType = sourcecode.swift; path = WeatherDetailsViewController.swift; sourceTree = "<group>"; };
		61987300250259E00003DFAF /* WeatherDetailsHeaderView.swift */ = {isa = PBXFileReference; lastKnownFileType = sourcecode.swift; path = WeatherDetailsHeaderView.swift; sourceTree = "<group>"; };
		6198730225025B920003DFAF /* AppCoordinator.swift */ = {isa = PBXFileReference; lastKnownFileType = sourcecode.swift; path = AppCoordinator.swift; sourceTree = "<group>"; };
/* End PBXFileReference section */

/* Begin PBXFrameworksBuildPhase section */
		619872AA25010BF20003DFAF /* Frameworks */ = {
			isa = PBXFrameworksBuildPhase;
			buildActionMask = 2147483647;
			files = (
			);
			runOnlyForDeploymentPostprocessing = 0;
		};
		619872C025010BF60003DFAF /* Frameworks */ = {
			isa = PBXFrameworksBuildPhase;
			buildActionMask = 2147483647;
			files = (
			);
			runOnlyForDeploymentPostprocessing = 0;
		};
		619872CB25010BF60003DFAF /* Frameworks */ = {
			isa = PBXFrameworksBuildPhase;
			buildActionMask = 2147483647;
			files = (
			);
			runOnlyForDeploymentPostprocessing = 0;
		};
/* End PBXFrameworksBuildPhase section */

/* Begin PBXGroup section */
		619872A425010BF20003DFAF = {
			isa = PBXGroup;
			children = (
				619872AF25010BF20003DFAF /* WeatherApp */,
				619872C625010BF60003DFAF /* WeatherAppTests */,
				619872D125010BF60003DFAF /* WeatherAppUITests */,
				619872AE25010BF20003DFAF /* Products */,
			);
			sourceTree = "<group>";
		};
		619872AE25010BF20003DFAF /* Products */ = {
			isa = PBXGroup;
			children = (
				619872AD25010BF20003DFAF /* WeatherApp.app */,
				619872C325010BF60003DFAF /* WeatherAppTests.xctest */,
				619872CE25010BF60003DFAF /* WeatherAppUITests.xctest */,
			);
			name = Products;
			sourceTree = "<group>";
		};
		619872AF25010BF20003DFAF /* WeatherApp */ = {
			isa = PBXGroup;
			children = (
				6198730425025B9D0003DFAF /* Coordinator */,
				619872FD2502563A0003DFAF /* WeatherDetails */,
				619872F825024D3F0003DFAF /* Helper */,
				619872EB2501787E0003DFAF /* WeatherData */,
				619872EA250175450003DFAF /* Network */,
				619872E7250149340003DFAF /* WeatherLoader */,
				619872E425012AF20003DFAF /* WeatherSearch */,
				619872B025010BF20003DFAF /* AppDelegate.swift */,
				619872B225010BF20003DFAF /* SceneDelegate.swift */,
				619872B925010BF60003DFAF /* Assets.xcassets */,
				619872BB25010BF60003DFAF /* LaunchScreen.storyboard */,
				619872BE25010BF60003DFAF /* Info.plist */,
			);
			path = WeatherApp;
			sourceTree = "<group>";
		};
		619872C625010BF60003DFAF /* WeatherAppTests */ = {
			isa = PBXGroup;
			children = (
				619872C725010BF60003DFAF /* WeatherSearchTestCase.swift */,
				619872F02501AF3B0003DFAF /* WeatherSearchModelTestCase.swift */,
				619872C925010BF60003DFAF /* Info.plist */,
				619872F22501B85E0003DFAF /* data.json */,
				619872F42501B87E0003DFAF /* WeatherDataTestCase.swift */,
				619872F62501BB620003DFAF /* NetworkTestCase.swift */,
			);
			path = WeatherAppTests;
			sourceTree = "<group>";
		};
		619872D125010BF60003DFAF /* WeatherAppUITests */ = {
			isa = PBXGroup;
			children = (
				619872D225010BF60003DFAF /* WeatherSearchUITestCase.swift */,
				619872D425010BF60003DFAF /* Info.plist */,
			);
			path = WeatherAppUITests;
			sourceTree = "<group>";
		};
		619872E425012AF20003DFAF /* WeatherSearch */ = {
			isa = PBXGroup;
			children = (
				619872B425010BF20003DFAF /* WeatherSearchViewController.swift */,
				619872E125012AD60003DFAF /* WeatherSearchViewModel.swift */,
				619872E525012C280003DFAF /* WeatherSearch.swift */,
			);
			path = WeatherSearch;
			sourceTree = "<group>";
		};
		619872E7250149340003DFAF /* WeatherLoader */ = {
			isa = PBXGroup;
			children = (
				619872E82501495E0003DFAF /* WeatherService.swift */,
			);
			path = WeatherLoader;
			sourceTree = "<group>";
		};
		619872EA250175450003DFAF /* Network */ = {
			isa = PBXGroup;
			children = (
				619872EE25019B610003DFAF /* Network.swift */,
			);
			path = Network;
			sourceTree = "<group>";
		};
		619872EB2501787E0003DFAF /* WeatherData */ = {
			isa = PBXGroup;
			children = (
				619872EC250178990003DFAF /* WeatherData.swift */,
			);
			path = WeatherData;
			sourceTree = "<group>";
		};
		619872F825024D3F0003DFAF /* Helper */ = {
			isa = PBXGroup;
			children = (
				619872F925024D660003DFAF /* SpinnerViewController.swift */,
				619872FB250255C50003DFAF /* UIViewController+AddViewController.swift */,
			);
			path = Helper;
			sourceTree = "<group>";
		};
		619872FD2502563A0003DFAF /* WeatherDetails */ = {
			isa = PBXGroup;
			children = (
				619872FE250259AB0003DFAF /* WeatherDetailsViewController.swift */,
				61987300250259E00003DFAF /* WeatherDetailsHeaderView.swift */,
			);
			path = WeatherDetails;
			sourceTree = "<group>";
		};
		6198730425025B9D0003DFAF /* Coordinator */ = {
			isa = PBXGroup;
			children = (
				6198730225025B920003DFAF /* AppCoordinator.swift */,
			);
			path = Coordinator;
			sourceTree = "<group>";
		};
/* End PBXGroup section */

/* Begin PBXNativeTarget section */
		619872AC25010BF20003DFAF /* WeatherApp */ = {
			isa = PBXNativeTarget;
			buildConfigurationList = 619872D725010BF60003DFAF /* Build configuration list for PBXNativeTarget "WeatherApp" */;
			buildPhases = (
				619872A925010BF20003DFAF /* Sources */,
				619872AA25010BF20003DFAF /* Frameworks */,
				619872AB25010BF20003DFAF /* Resources */,
				619872E025010C260003DFAF /* swiftlint */,
			);
			buildRules = (
			);
			dependencies = (
			);
			name = WeatherApp;
			productName = WeatherApp;
			productReference = 619872AD25010BF20003DFAF /* WeatherApp.app */;
			productType = "com.apple.product-type.application";
		};
		619872C225010BF60003DFAF /* WeatherAppTests */ = {
			isa = PBXNativeTarget;
			buildConfigurationList = 619872DA25010BF60003DFAF /* Build configuration list for PBXNativeTarget "WeatherAppTests" */;
			buildPhases = (
				619872BF25010BF60003DFAF /* Sources */,
				619872C025010BF60003DFAF /* Frameworks */,
				619872C125010BF60003DFAF /* Resources */,
			);
			buildRules = (
			);
			dependencies = (
				619872C525010BF60003DFAF /* PBXTargetDependency */,
			);
			name = WeatherAppTests;
			productName = WeatherAppTests;
			productReference = 619872C325010BF60003DFAF /* WeatherAppTests.xctest */;
			productType = "com.apple.product-type.bundle.unit-test";
		};
		619872CD25010BF60003DFAF /* WeatherAppUITests */ = {
			isa = PBXNativeTarget;
			buildConfigurationList = 619872DD25010BF60003DFAF /* Build configuration list for PBXNativeTarget "WeatherAppUITests" */;
			buildPhases = (
				619872CA25010BF60003DFAF /* Sources */,
				619872CB25010BF60003DFAF /* Frameworks */,
				619872CC25010BF60003DFAF /* Resources */,
			);
			buildRules = (
			);
			dependencies = (
				619872D025010BF60003DFAF /* PBXTargetDependency */,
			);
			name = WeatherAppUITests;
			productName = WeatherAppUITests;
			productReference = 619872CE25010BF60003DFAF /* WeatherAppUITests.xctest */;
			productType = "com.apple.product-type.bundle.ui-testing";
		};
/* End PBXNativeTarget section */

/* Begin PBXProject section */
		619872A525010BF20003DFAF /* Project object */ = {
			isa = PBXProject;
			attributes = {
				LastSwiftUpdateCheck = 1160;
				LastUpgradeCheck = 1160;
				ORGANIZATIONNAME = "Samar Khaled";
				TargetAttributes = {
					619872AC25010BF20003DFAF = {
						CreatedOnToolsVersion = 11.6;
					};
					619872C225010BF60003DFAF = {
						CreatedOnToolsVersion = 11.6;
						TestTargetID = 619872AC25010BF20003DFAF;
					};
					619872CD25010BF60003DFAF = {
						CreatedOnToolsVersion = 11.6;
						TestTargetID = 619872AC25010BF20003DFAF;
					};
				};
			};
			buildConfigurationList = 619872A825010BF20003DFAF /* Build configuration list for PBXProject "WeatherApp" */;
			compatibilityVersion = "Xcode 9.3";
			developmentRegion = en;
			hasScannedForEncodings = 0;
			knownRegions = (
				en,
				Base,
			);
			mainGroup = 619872A425010BF20003DFAF;
			productRefGroup = 619872AE25010BF20003DFAF /* Products */;
			projectDirPath = "";
			projectRoot = "";
			targets = (
				619872AC25010BF20003DFAF /* WeatherApp */,
				619872C225010BF60003DFAF /* WeatherAppTests */,
				619872CD25010BF60003DFAF /* WeatherAppUITests */,
			);
		};
/* End PBXProject section */

/* Begin PBXResourcesBuildPhase section */
		619872AB25010BF20003DFAF /* Resources */ = {
			isa = PBXResourcesBuildPhase;
			buildActionMask = 2147483647;
			files = (
				619872BD25010BF60003DFAF /* LaunchScreen.storyboard in Resources */,
				619872BA25010BF60003DFAF /* Assets.xcassets in Resources */,
			);
			runOnlyForDeploymentPostprocessing = 0;
		};
		619872C125010BF60003DFAF /* Resources */ = {
			isa = PBXResourcesBuildPhase;
			buildActionMask = 2147483647;
			files = (
				619872F32501B85E0003DFAF /* data.json in Resources */,
			);
			runOnlyForDeploymentPostprocessing = 0;
		};
		619872CC25010BF60003DFAF /* Resources */ = {
			isa = PBXResourcesBuildPhase;
			buildActionMask = 2147483647;
			files = (
			);
			runOnlyForDeploymentPostprocessing = 0;
		};
/* End PBXResourcesBuildPhase section */

/* Begin PBXShellScriptBuildPhase section */
		619872E025010C260003DFAF /* swiftlint */ = {
			isa = PBXShellScriptBuildPhase;
			buildActionMask = 2147483647;
			files = (
			);
			inputFileListPaths = (
			);
			inputPaths = (
			);
			name = swiftlint;
			outputFileListPaths = (
			);
			outputPaths = (
			);
			runOnlyForDeploymentPostprocessing = 0;
			shellPath = /bin/sh;
			shellScript = "# Type a script or drag a script file from your workspace to insert its path.\nif which swiftlint >/dev/null; then\n  swiftlint\nelse\n  echo \"warning: SwiftLint not installed, download from https://github.com/realm/SwiftLint\"\nfi\n";
		};
/* End PBXShellScriptBuildPhase section */

/* Begin PBXSourcesBuildPhase section */
		619872A925010BF20003DFAF /* Sources */ = {
			isa = PBXSourcesBuildPhase;
			buildActionMask = 2147483647;
			files = (
				619872FF250259AB0003DFAF /* WeatherDetailsViewController.swift in Sources */,
				619872B525010BF20003DFAF /* WeatherSearchViewController.swift in Sources */,
				6198730325025B920003DFAF /* AppCoordinator.swift in Sources */,
				619872FC250255C50003DFAF /* UIViewController+AddViewController.swift in Sources */,
				61987301250259E00003DFAF /* WeatherDetailsHeaderView.swift in Sources */,
				619872E225012AD60003DFAF /* WeatherSearchViewModel.swift in Sources */,
				619872EF25019B610003DFAF /* Network.swift in Sources */,
				619872ED250178990003DFAF /* WeatherData.swift in Sources */,
				619872E625012C280003DFAF /* WeatherSearch.swift in Sources */,
				619872E92501495E0003DFAF /* WeatherService.swift in Sources */,
				619872B125010BF20003DFAF /* AppDelegate.swift in Sources */,
				619872B325010BF20003DFAF /* SceneDelegate.swift in Sources */,
				619872FA25024D660003DFAF /* SpinnerViewController.swift in Sources */,
			);
			runOnlyForDeploymentPostprocessing = 0;
		};
		619872BF25010BF60003DFAF /* Sources */ = {
			isa = PBXSourcesBuildPhase;
			buildActionMask = 2147483647;
			files = (
				619872F52501B87E0003DFAF /* WeatherDataTestCase.swift in Sources */,
				619872F12501AF3B0003DFAF /* WeatherSearchModelTestCase.swift in Sources */,
				619872F72501BB620003DFAF /* NetworkTestCase.swift in Sources */,
				619872C825010BF60003DFAF /* WeatherSearchTestCase.swift in Sources */,
			);
			runOnlyForDeploymentPostprocessing = 0;
		};
		619872CA25010BF60003DFAF /* Sources */ = {
			isa = PBXSourcesBuildPhase;
			buildActionMask = 2147483647;
			files = (
				619872D325010BF60003DFAF /* WeatherSearchUITestCase.swift in Sources */,
			);
			runOnlyForDeploymentPostprocessing = 0;
		};
/* End PBXSourcesBuildPhase section */

/* Begin PBXTargetDependency section */
		619872C525010BF60003DFAF /* PBXTargetDependency */ = {
			isa = PBXTargetDependency;
			target = 619872AC25010BF20003DFAF /* WeatherApp */;
			targetProxy = 619872C425010BF60003DFAF /* PBXContainerItemProxy */;
		};
		619872D025010BF60003DFAF /* PBXTargetDependency */ = {
			isa = PBXTargetDependency;
			target = 619872AC25010BF20003DFAF /* WeatherApp */;
			targetProxy = 619872CF25010BF60003DFAF /* PBXContainerItemProxy */;
		};
/* End PBXTargetDependency section */

/* Begin PBXVariantGroup section */
		619872BB25010BF60003DFAF /* LaunchScreen.storyboard */ = {
			isa = PBXVariantGroup;
			children = (
				619872BC25010BF60003DFAF /* Base */,
			);
			name = LaunchScreen.storyboard;
			sourceTree = "<group>";
		};
/* End PBXVariantGroup section */

/* Begin XCBuildConfiguration section */
		619872D525010BF60003DFAF /* Debug */ = {
			isa = XCBuildConfiguration;
			buildSettings = {
				ALWAYS_SEARCH_USER_PATHS = NO;
				CLANG_ANALYZER_NONNULL = YES;
				CLANG_ANALYZER_NUMBER_OBJECT_CONVERSION = YES_AGGRESSIVE;
				CLANG_CXX_LANGUAGE_STANDARD = "gnu++14";
				CLANG_CXX_LIBRARY = "libc++";
				CLANG_ENABLE_MODULES = YES;
				CLANG_ENABLE_OBJC_ARC = YES;
				CLANG_ENABLE_OBJC_WEAK = YES;
				CLANG_WARN_BLOCK_CAPTURE_AUTORELEASING = YES;
				CLANG_WARN_BOOL_CONVERSION = YES;
				CLANG_WARN_COMMA = YES;
				CLANG_WARN_CONSTANT_CONVERSION = YES;
				CLANG_WARN_DEPRECATED_OBJC_IMPLEMENTATIONS = YES;
				CLANG_WARN_DIRECT_OBJC_ISA_USAGE = YES_ERROR;
				CLANG_WARN_DOCUMENTATION_COMMENTS = YES;
				CLANG_WARN_EMPTY_BODY = YES;
				CLANG_WARN_ENUM_CONVERSION = YES;
				CLANG_WARN_INFINITE_RECURSION = YES;
				CLANG_WARN_INT_CONVERSION = YES;
				CLANG_WARN_NON_LITERAL_NULL_CONVERSION = YES;
				CLANG_WARN_OBJC_IMPLICIT_RETAIN_SELF = YES;
				CLANG_WARN_OBJC_LITERAL_CONVERSION = YES;
				CLANG_WARN_OBJC_ROOT_CLASS = YES_ERROR;
				CLANG_WARN_RANGE_LOOP_ANALYSIS = YES;
				CLANG_WARN_STRICT_PROTOTYPES = YES;
				CLANG_WARN_SUSPICIOUS_MOVE = YES;
				CLANG_WARN_UNGUARDED_AVAILABILITY = YES_AGGRESSIVE;
				CLANG_WARN_UNREACHABLE_CODE = YES;
				CLANG_WARN__DUPLICATE_METHOD_MATCH = YES;
				COPY_PHASE_STRIP = NO;
				DEBUG_INFORMATION_FORMAT = dwarf;
				ENABLE_STRICT_OBJC_MSGSEND = YES;
				ENABLE_TESTABILITY = YES;
				GCC_C_LANGUAGE_STANDARD = gnu11;
				GCC_DYNAMIC_NO_PIC = NO;
				GCC_NO_COMMON_BLOCKS = YES;
				GCC_OPTIMIZATION_LEVEL = 0;
				GCC_PREPROCESSOR_DEFINITIONS = (
					"DEBUG=1",
					"$(inherited)",
				);
				GCC_WARN_64_TO_32_BIT_CONVERSION = YES;
				GCC_WARN_ABOUT_RETURN_TYPE = YES_ERROR;
				GCC_WARN_UNDECLARED_SELECTOR = YES;
				GCC_WARN_UNINITIALIZED_AUTOS = YES_AGGRESSIVE;
				GCC_WARN_UNUSED_FUNCTION = YES;
				GCC_WARN_UNUSED_VARIABLE = YES;
				IPHONEOS_DEPLOYMENT_TARGET = 13.6;
				MTL_ENABLE_DEBUG_INFO = INCLUDE_SOURCE;
				MTL_FAST_MATH = YES;
				ONLY_ACTIVE_ARCH = YES;
				SDKROOT = iphoneos;
				SWIFT_ACTIVE_COMPILATION_CONDITIONS = DEBUG;
				SWIFT_OPTIMIZATION_LEVEL = "-Onone";
			};
			name = Debug;
		};
		619872D625010BF60003DFAF /* Release */ = {
			isa = XCBuildConfiguration;
			buildSettings = {
				ALWAYS_SEARCH_USER_PATHS = NO;
				CLANG_ANALYZER_NONNULL = YES;
				CLANG_ANALYZER_NUMBER_OBJECT_CONVERSION = YES_AGGRESSIVE;
				CLANG_CXX_LANGUAGE_STANDARD = "gnu++14";
				CLANG_CXX_LIBRARY = "libc++";
				CLANG_ENABLE_MODULES = YES;
				CLANG_ENABLE_OBJC_ARC = YES;
				CLANG_ENABLE_OBJC_WEAK = YES;
				CLANG_WARN_BLOCK_CAPTURE_AUTORELEASING = YES;
				CLANG_WARN_BOOL_CONVERSION = YES;
				CLANG_WARN_COMMA = YES;
				CLANG_WARN_CONSTANT_CONVERSION = YES;
				CLANG_WARN_DEPRECATED_OBJC_IMPLEMENTATIONS = YES;
				CLANG_WARN_DIRECT_OBJC_ISA_USAGE = YES_ERROR;
				CLANG_WARN_DOCUMENTATION_COMMENTS = YES;
				CLANG_WARN_EMPTY_BODY = YES;
				CLANG_WARN_ENUM_CONVERSION = YES;
				CLANG_WARN_INFINITE_RECURSION = YES;
				CLANG_WARN_INT_CONVERSION = YES;
				CLANG_WARN_NON_LITERAL_NULL_CONVERSION = YES;
				CLANG_WARN_OBJC_IMPLICIT_RETAIN_SELF = YES;
				CLANG_WARN_OBJC_LITERAL_CONVERSION = YES;
				CLANG_WARN_OBJC_ROOT_CLASS = YES_ERROR;
				CLANG_WARN_RANGE_LOOP_ANALYSIS = YES;
				CLANG_WARN_STRICT_PROTOTYPES = YES;
				CLANG_WARN_SUSPICIOUS_MOVE = YES;
				CLANG_WARN_UNGUARDED_AVAILABILITY = YES_AGGRESSIVE;
				CLANG_WARN_UNREACHABLE_CODE = YES;
				CLANG_WARN__DUPLICATE_METHOD_MATCH = YES;
				COPY_PHASE_STRIP = NO;
				DEBUG_INFORMATION_FORMAT = "dwarf-with-dsym";
				ENABLE_NS_ASSERTIONS = NO;
				ENABLE_STRICT_OBJC_MSGSEND = YES;
				GCC_C_LANGUAGE_STANDARD = gnu11;
				GCC_NO_COMMON_BLOCKS = YES;
				GCC_WARN_64_TO_32_BIT_CONVERSION = YES;
				GCC_WARN_ABOUT_RETURN_TYPE = YES_ERROR;
				GCC_WARN_UNDECLARED_SELECTOR = YES;
				GCC_WARN_UNINITIALIZED_AUTOS = YES_AGGRESSIVE;
				GCC_WARN_UNUSED_FUNCTION = YES;
				GCC_WARN_UNUSED_VARIABLE = YES;
				IPHONEOS_DEPLOYMENT_TARGET = 13.6;
				MTL_ENABLE_DEBUG_INFO = NO;
				MTL_FAST_MATH = YES;
				SDKROOT = iphoneos;
				SWIFT_COMPILATION_MODE = wholemodule;
				SWIFT_OPTIMIZATION_LEVEL = "-O";
				VALIDATE_PRODUCT = YES;
			};
			name = Release;
		};
		619872D825010BF60003DFAF /* Debug */ = {
			isa = XCBuildConfiguration;
			buildSettings = {
				ASSETCATALOG_COMPILER_APPICON_NAME = AppIcon;
				CODE_SIGN_STYLE = Automatic;
				INFOPLIST_FILE = WeatherApp/Info.plist;
				LD_RUNPATH_SEARCH_PATHS = (
					"$(inherited)",
					"@executable_path/Frameworks",
				);
				PRODUCT_BUNDLE_IDENTIFIER = "com.Samar-Khaled.WeatherApp";
				PRODUCT_NAME = "$(TARGET_NAME)";
				SWIFT_VERSION = 5.0;
				TARGETED_DEVICE_FAMILY = "1,2";
			};
			name = Debug;
		};
		619872D925010BF60003DFAF /* Release */ = {
			isa = XCBuildConfiguration;
			buildSettings = {
				ASSETCATALOG_COMPILER_APPICON_NAME = AppIcon;
				CODE_SIGN_STYLE = Automatic;
				INFOPLIST_FILE = WeatherApp/Info.plist;
				LD_RUNPATH_SEARCH_PATHS = (
					"$(inherited)",
					"@executable_path/Frameworks",
				);
				PRODUCT_BUNDLE_IDENTIFIER = "com.Samar-Khaled.WeatherApp";
				PRODUCT_NAME = "$(TARGET_NAME)";
				SWIFT_VERSION = 5.0;
				TARGETED_DEVICE_FAMILY = "1,2";
			};
			name = Release;
		};
		619872DB25010BF60003DFAF /* Debug */ = {
			isa = XCBuildConfiguration;
			buildSettings = {
				ALWAYS_EMBED_SWIFT_STANDARD_LIBRARIES = YES;
				BUNDLE_LOADER = "$(TEST_HOST)";
				CODE_SIGN_STYLE = Automatic;
				INFOPLIST_FILE = WeatherAppTests/Info.plist;
				IPHONEOS_DEPLOYMENT_TARGET = 13.6;
				LD_RUNPATH_SEARCH_PATHS = (
					"$(inherited)",
					"@executable_path/Frameworks",
					"@loader_path/Frameworks",
				);
				PRODUCT_BUNDLE_IDENTIFIER = "com.Samar-Khaled.WeatherAppTests";
				PRODUCT_NAME = "$(TARGET_NAME)";
				SWIFT_VERSION = 5.0;
				TARGETED_DEVICE_FAMILY = "1,2";
				TEST_HOST = "$(BUILT_PRODUCTS_DIR)/WeatherApp.app/WeatherApp";
			};
			name = Debug;
		};
		619872DC25010BF60003DFAF /* Release */ = {
			isa = XCBuildConfiguration;
			buildSettings = {
				ALWAYS_EMBED_SWIFT_STANDARD_LIBRARIES = YES;
				BUNDLE_LOADER = "$(TEST_HOST)";
				CODE_SIGN_STYLE = Automatic;
				INFOPLIST_FILE = WeatherAppTests/Info.plist;
				IPHONEOS_DEPLOYMENT_TARGET = 13.6;
				LD_RUNPATH_SEARCH_PATHS = (
					"$(inherited)",
					"@executable_path/Frameworks",
					"@loader_path/Frameworks",
				);
				PRODUCT_BUNDLE_IDENTIFIER = "com.Samar-Khaled.WeatherAppTests";
				PRODUCT_NAME = "$(TARGET_NAME)";
				SWIFT_VERSION = 5.0;
				TARGETED_DEVICE_FAMILY = "1,2";
				TEST_HOST = "$(BUILT_PRODUCTS_DIR)/WeatherApp.app/WeatherApp";
			};
			name = Release;
		};
		619872DE25010BF60003DFAF /* Debug */ = {
			isa = XCBuildConfiguration;
			buildSettings = {
				ALWAYS_EMBED_SWIFT_STANDARD_LIBRARIES = YES;
				CODE_SIGN_STYLE = Automatic;
				INFOPLIST_FILE = WeatherAppUITests/Info.plist;
				LD_RUNPATH_SEARCH_PATHS = (
					"$(inherited)",
					"@executable_path/Frameworks",
					"@loader_path/Frameworks",
				);
				PRODUCT_BUNDLE_IDENTIFIER = "com.Samar-Khaled.WeatherAppUITests";
				PRODUCT_NAME = "$(TARGET_NAME)";
				SWIFT_VERSION = 5.0;
				TARGETED_DEVICE_FAMILY = "1,2";
				TEST_TARGET_NAME = WeatherApp;
			};
			name = Debug;
		};
		619872DF25010BF60003DFAF /* Release */ = {
			isa = XCBuildConfiguration;
			buildSettings = {
				ALWAYS_EMBED_SWIFT_STANDARD_LIBRARIES = YES;
				CODE_SIGN_STYLE = Automatic;
				INFOPLIST_FILE = WeatherAppUITests/Info.plist;
				LD_RUNPATH_SEARCH_PATHS = (
					"$(inherited)",
					"@executable_path/Frameworks",
					"@loader_path/Frameworks",
				);
				PRODUCT_BUNDLE_IDENTIFIER = "com.Samar-Khaled.WeatherAppUITests";
				PRODUCT_NAME = "$(TARGET_NAME)";
				SWIFT_VERSION = 5.0;
				TARGETED_DEVICE_FAMILY = "1,2";
				TEST_TARGET_NAME = WeatherApp;
			};
			name = Release;
		};
/* End XCBuildConfiguration section */

/* Begin XCConfigurationList section */
		619872A825010BF20003DFAF /* Build configuration list for PBXProject "WeatherApp" */ = {
			isa = XCConfigurationList;
			buildConfigurations = (
				619872D525010BF60003DFAF /* Debug */,
				619872D625010BF60003DFAF /* Release */,
			);
			defaultConfigurationIsVisible = 0;
			defaultConfigurationName = Release;
		};
		619872D725010BF60003DFAF /* Build configuration list for PBXNativeTarget "WeatherApp" */ = {
			isa = XCConfigurationList;
			buildConfigurations = (
				619872D825010BF60003DFAF /* Debug */,
				619872D925010BF60003DFAF /* Release */,
			);
			defaultConfigurationIsVisible = 0;
			defaultConfigurationName = Release;
		};
		619872DA25010BF60003DFAF /* Build configuration list for PBXNativeTarget "WeatherAppTests" */ = {
			isa = XCConfigurationList;
			buildConfigurations = (
				619872DB25010BF60003DFAF /* Debug */,
				619872DC25010BF60003DFAF /* Release */,
			);
			defaultConfigurationIsVisible = 0;
			defaultConfigurationName = Release;
		};
		619872DD25010BF60003DFAF /* Build configuration list for PBXNativeTarget "WeatherAppUITests" */ = {
			isa = XCConfigurationList;
			buildConfigurations = (
				619872DE25010BF60003DFAF /* Debug */,
				619872DF25010BF60003DFAF /* Release */,
			);
			defaultConfigurationIsVisible = 0;
			defaultConfigurationName = Release;
		};
/* End XCConfigurationList section */
	};
	rootObject = 619872A525010BF20003DFAF /* Project object */;
}
